
Microsoft Visual Studio Solution File, Format Version 12.00
# Visual Studio Version 17
VisualStudioVersion = 17.5.33530.505
MinimumVisualStudioVersion = 10.0.40219.1
Project("{FAE04EC0-301F-11D3-BF4B-00C04F79EFBC}") = "QuizGame", "QuizGame\QuizGame.csproj", "{CE539599-0965-4F17-AA5D-32A3B653ED23}"
EndProject
Global
	GlobalSection(SolutionConfigurationPlatforms) = preSolution
		Debug|Any CPU = Debug|Any CPU
		Release|Any CPU = Release|Any CPU
	EndGlobalSection
	GlobalSection(ProjectConfigurationPlatforms) = postSolution
		{CE539599-0965-4F17-AA5D-32A3B653ED23}.Debug|Any CPU.ActiveCfg = Debug|Any CPU
		{CE539599-0965-4F17-AA5D-32A3B653ED23}.Debug|Any CPU.Build.0 = Debug|Any CPU
		{CE539599-0965-4F17-AA5D-32A3B653ED23}.Release|Any CPU.ActiveCfg = Release|Any CPU
		{CE539599-0965-4F17-AA5D-32A3B653ED23}.Release|Any CPU.Build.0 = Release|Any CPU
	EndGlobalSection
	GlobalSection(SolutionProperties) = preSolution
		HideSolutionNode = FALSE
	EndGlobalSection
	GlobalSection(ExtensibilityGlobals) = postSolution
		SolutionGuid = {CBCAD92E-7E39-4354-A1FA-F060BBB39F79}
	EndGlobalSection
EndGlobal
