
Microsoft Visual Studio Solution File, Format Version 12.00
# Visual Studio Version 17
VisualStudioVersion = 17.3.32825.248
MinimumVisualStudioVersion = 10.0.40219.1
Project("{FAE04EC0-301F-11D3-BF4B-00C04F79EFBC}") = "QuizGame", "QuizGame\QuizGame.csproj", "{0546C768-8965-4BC6-9ED4-713182F1A180}"
EndProject
Global
	GlobalSection(SolutionConfigurationPlatforms) = preSolution
		Debug|Any CPU = Debug|Any CPU
		Release|Any CPU = Release|Any CPU
	EndGlobalSection
	GlobalSection(ProjectConfigurationPlatforms) = postSolution
		{0546C768-8965-4BC6-9ED4-713182F1A180}.Debug|Any CPU.ActiveCfg = Debug|Any CPU
		{0546C768-8965-4BC6-9ED4-713182F1A180}.Debug|Any CPU.Build.0 = Debug|Any CPU
		{0546C768-8965-4BC6-9ED4-713182F1A180}.Release|Any CPU.ActiveCfg = Release|Any CPU
		{0546C768-8965-4BC6-9ED4-713182F1A180}.Release|Any CPU.Build.0 = Release|Any CPU
	EndGlobalSection
	GlobalSection(SolutionProperties) = preSolution
		HideSolutionNode = FALSE
	EndGlobalSection
	GlobalSection(ExtensibilityGlobals) = postSolution
		SolutionGuid = {EAD0C081-483A-4BE1-9251-4E332821239F}
	EndGlobalSection
EndGlobal
